{
  "name": "portfolio",
  "version": "0.0.0",
  "lockfileVersion": 1,
  "requires": true,
  "dependencies": {
    "@angular/core": {
      "version": "12.0.5",
      "resolved": "https://registry.npmjs.org/@angular/core/-/core-12.0.5.tgz",
      "integrity": "sha512-uVYsZa1VqVw8vNcjUYgfjXBc1M3WaxLXoLnCsDvutJiln4csa8Yw8p7RqQSrZ6AgQ8o2LHD2JJ5kus3EDMwfcA==",
      "requires": {
        "tslib": "^2.1.0"
      },
      "dependencies": {
        "tslib": {
          "version": "2.3.0",
          "resolved": "https://registry.npmjs.org/tslib/-/tslib-2.3.0.tgz",
          "integrity": "sha512-N82ooyxVNm6h1riLCoyS9e3fuJ3AMG2zIZs2Gd1ATcSFjSA23Q0fzjjZeh0jbJvWVDZ0cJT8yaNNaaXHzueNjg=="
        }
      }
    },
    "@angular/platform-browser": {
      "version": "12.0.5",
      "resolved": "https://registry.npmjs.org/@angular/platform-browser/-/platform-browser-12.0.5.tgz",
      "integrity": "sha512-MLioK9gcdZOKINE8OmIHZICRnFySaWyCBeVbHS4Z4Vxgr+E2S2eO1IxBmGyQpJq1wDPBP9A/9LVLMUNbHu4Cdw==",
      "requires": {
        "tslib": "^2.1.0"
      }
    },
    "@angular/router": {
      "version": "12.0.5",
      "resolved": "https://registry.npmjs.org/@angular/router/-/router-12.0.5.tgz",
      "integrity": "sha512-2jiaT+OxCmJbeJ0MTPmIHBsTFLysenvPZteozYsjcmUo9mOzJHAjqHLJvTC+Ri+E9xvnplh+8BPETRleV1pAFw==",
      "requires": {
        "tslib": "^2.1.0"
      },
      "dependencies": {
        "tslib": {
          "version": "2.3.0",
          "resolved": "https://registry.npmjs.org/tslib/-/tslib-2.3.0.tgz",
          "integrity": "sha512-N82ooyxVNm6h1riLCoyS9e3fuJ3AMG2zIZs2Gd1ATcSFjSA23Q0fzjjZeh0jbJvWVDZ0cJT8yaNNaaXHzueNjg=="
        }
      }
    },
    "platform-browser": {
      "version": "0.0.1-security",
      "resolved": "https://registry.npmjs.org/platform-browser/-/platform-browser-0.0.1-security.tgz",
      "integrity": "sha512-Mbeb3wBAjXEGXDc3Y7YNQkXS4k/powQ7gLllS96b3fcR6ylXwfVGFNXImtQsvYsQZGxJxtRQiEUggUkoDHECbQ=="
    },
    "tslib": {
      "version": "2.3.0",
      "resolved": "https://registry.npmjs.org/tslib/-/tslib-2.3.0.tgz",
      "integrity": "sha512-N82ooyxVNm6h1riLCoyS9e3fuJ3AMG2zIZs2Gd1ATcSFjSA23Q0fzjjZeh0jbJvWVDZ0cJT8yaNNaaXHzueNjg=="
    }
  }
}
